
Microsoft Visual Studio Solution File, Format Version 12.00
# Visual Studio Version 17
VisualStudioVersion = 17.7.34221.43
MinimumVisualStudioVersion = 10.0.40219.1
Project("{FAE04EC0-301F-11D3-BF4B-00C04F79EFBC}") = "saniyakumari", "saniyakumari\saniyakumari.csproj", "{AFD7CB60-E95A-47AD-83D4-D368E5706D56}"
EndProject
Global
	GlobalSection(SolutionConfigurationPlatforms) = preSolution
		Debug|Any CPU = Debug|Any CPU
		Release|Any CPU = Release|Any CPU
	EndGlobalSection
	GlobalSection(ProjectConfigurationPlatforms) = postSolution
		{AFD7CB60-E95A-47AD-83D4-D368E5706D56}.Debug|Any CPU.ActiveCfg = Debug|Any CPU
		{AFD7CB60-E95A-47AD-83D4-D368E5706D56}.Debug|Any CPU.Build.0 = Debug|Any CPU
		{AFD7CB60-E95A-47AD-83D4-D368E5706D56}.Release|Any CPU.ActiveCfg = Release|Any CPU
		{AFD7CB60-E95A-47AD-83D4-D368E5706D56}.Release|Any CPU.Build.0 = Release|Any CPU
	EndGlobalSection
	GlobalSection(SolutionProperties) = preSolution
		HideSolutionNode = FALSE
	EndGlobalSection
	GlobalSection(ExtensibilityGlobals) = postSolution
		SolutionGuid = {BB9518C5-9F92-4559-9642-6F1102F7CBAD}
	EndGlobalSection
EndGlobal
